# THIS IS AN AUTOGENERATED FILE. DO NOT EDIT THIS FILE DIRECTLY.
# yarn lockfile v1


el-transition@^0.0.7:
  version "0.0.7"
  resolved "https://registry.yarnpkg.com/el-transition/-/el-transition-0.0.7.tgz#714fd47aa46fc2ff3df7d59e789271aa09f247d0"
  integrity sha512-a23pEa7ahqLmBIEqtxi8CdL6CRLF52ZoAwawDFTD1IDkegrL4iValQAj6IMEgIEXPSrXZtx/Nr/ej6ebov4uoA==
